
Microsoft Visual Studio Solution File, Format Version 12.00
# Visual Studio Version 17
VisualStudioVersion = 17.11.35303.130
MinimumVisualStudioVersion = 10.0.40219.1
Project("{9A19103F-16F7-4668-BE54-9A1E7A4F7556}") = "LainDS", "LainDS.csproj", "{FE664D4D-E72C-41AE-9157-DDCF4DFDAC82}"
EndProject
Global
	GlobalSection(SolutionConfigurationPlatforms) = preSolution
		Debug|Any CPU = Debug|Any CPU
		Debug|ARM64 = Debug|ARM64
		Release|Any CPU = Release|Any CPU
		Release|ARM64 = Release|ARM64
	EndGlobalSection
	GlobalSection(ProjectConfigurationPlatforms) = postSolution
		{FE664D4D-E72C-41AE-9157-DDCF4DFDAC82}.Debug|Any CPU.ActiveCfg = Debug|Any CPU
		{FE664D4D-E72C-41AE-9157-DDCF4DFDAC82}.Debug|Any CPU.Build.0 = Debug|Any CPU
		{FE664D4D-E72C-41AE-9157-DDCF4DFDAC82}.Debug|ARM64.ActiveCfg = Debug|ARM64
		{FE664D4D-E72C-41AE-9157-DDCF4DFDAC82}.Debug|ARM64.Build.0 = Debug|ARM64
		{FE664D4D-E72C-41AE-9157-DDCF4DFDAC82}.Release|Any CPU.ActiveCfg = Release|Any CPU
		{FE664D4D-E72C-41AE-9157-DDCF4DFDAC82}.Release|Any CPU.Build.0 = Release|Any CPU
		{FE664D4D-E72C-41AE-9157-DDCF4DFDAC82}.Release|ARM64.ActiveCfg = Release|ARM64
		{FE664D4D-E72C-41AE-9157-DDCF4DFDAC82}.Release|ARM64.Build.0 = Release|ARM64
	EndGlobalSection
	GlobalSection(SolutionProperties) = preSolution
		HideSolutionNode = FALSE
	EndGlobalSection
	GlobalSection(ExtensibilityGlobals) = postSolution
		SolutionGuid = {5EBBD9BD-6DEA-4DE9-B208-4985A465677C}
	EndGlobalSection
EndGlobal
